// !$*UTF8*$!
{
	archiveVersion = 1;
	classes = {
	};
	objectVersion = 50;
	objects = {

/* Begin PBXBuildFile section */
		668EA3EE215390F00050046C /* AppDelegate.swift in Sources */ = {isa = PBXBuildFile; fileRef = 668EA3ED215390F00050046C /* AppDelegate.swift */; };
		668EA3F0215390F00050046C /* ViewController.swift in Sources */ = {isa = PBXBuildFile; fileRef = 668EA3EF215390F00050046C /* ViewController.swift */; };
		668EA3F3215390F00050046C /* Main.storyboard in Resources */ = {isa = PBXBuildFile; fileRef = 668EA3F1215390F00050046C /* Main.storyboard */; };
		668EA3F5215390F20050046C /* Assets.xcassets in Resources */ = {isa = PBXBuildFile; fileRef = 668EA3F4215390F20050046C /* Assets.xcassets */; };
		668EA3F8215390F20050046C /* LaunchScreen.storyboard in Resources */ = {isa = PBXBuildFile; fileRef = 668EA3F6215390F20050046C /* LaunchScreen.storyboard */; };
		668EA403215390F20050046C /* CollectionViewExampleTests.swift in Sources */ = {isa = PBXBuildFile; fileRef = 668EA402215390F20050046C /* CollectionViewExampleTests.swift */; };
		668EA40E215390F20050046C /* CollectionViewExampleUITests.swift in Sources */ = {isa = PBXBuildFile; fileRef = 668EA40D215390F20050046C /* CollectionViewExampleUITests.swift */; };
/* End PBXBuildFile section */

/* Begin PBXContainerItemProxy section */
		668EA3FF215390F20050046C /* PBXContainerItemProxy */ = {
			isa = PBXContainerItemProxy;
			containerPortal = 668EA3E2215390F00050046C /* Project object */;
			proxyType = 1;
			remoteGlobalIDString = 668EA3E9215390F00050046C;
			remoteInfo = CollectionViewExample;
		};
		668EA40A215390F20050046C /* PBXContainerItemProxy */ = {
			isa = PBXContainerItemProxy;
			containerPortal = 668EA3E2215390F00050046C /* Project object */;
			proxyType = 1;
			remoteGlobalIDString = 668EA3E9215390F00050046C;
			remoteInfo = CollectionViewExample;
		};
/* End PBXContainerItemProxy section */

/* Begin PBXFileReference section */
		668EA3EA215390F00050046C /* CollectionViewExample.app */ = {isa = PBXFileReference; explicitFileType = wrapper.application; includeInIndex = 0; path = CollectionViewExample.app; sourceTree = BUILT_PRODUCTS_DIR; };
		668EA3ED215390F00050046C /* AppDelegate.swift */ = {isa = PBXFileReference; lastKnownFileType = sourcecode.swift; path = AppDelegate.swift; sourceTree = "<group>"; };
		668EA3EF215390F00050046C /* ViewController.swift */ = {isa = PBXFileReference; lastKnownFileType = sourcecode.swift; path = ViewController.swift; sourceTree = "<group>"; };
		668EA3F2215390F00050046C /* Base */ = {isa = PBXFileReference; lastKnownFileType = file.storyboard; name = Base; path = Base.lproj/Main.storyboard; sourceTree = "<group>"; };
		668EA3F4215390F20050046C /* Assets.xcassets */ = {isa = PBXFileReference; lastKnownFileType = folder.assetcatalog; path = Assets.xcassets; sourceTree = "<group>"; };
		668EA3F7215390F20050046C /* Base */ = {isa = PBXFileReference; lastKnownFileType = file.storyboard; name = Base; path = Base.lproj/LaunchScreen.storyboard; sourceTree = "<group>"; };
		668EA3F9215390F20050046C /* Info.plist */ = {isa = PBXFileReference; lastKnownFileType = text.plist.xml; path = Info.plist; sourceTree = "<group>"; };
		668EA3FE215390F20050046C /* CollectionViewExampleTests.xctest */ = {isa = PBXFileReference; explicitFileType = wrapper.cfbundle; includeInIndex = 0; path = CollectionViewExampleTests.xctest; sourceTree = BUILT_PRODUCTS_DIR; };
		668EA402215390F20050046C /* CollectionViewExampleTests.swift */ = {isa = PBXFileReference; lastKnownFileType = sourcecode.swift; path = CollectionViewExampleTests.swift; sourceTree = "<group>"; };
		668EA404215390F20050046C /* Info.plist */ = {isa = PBXFileReference; lastKnownFileType = text.plist.xml; path = Info.plist; sourceTree = "<group>"; };
		668EA409215390F20050046C /* CollectionViewExampleUITests.xctest */ = {isa = PBXFileReference; explicitFileType = wrapper.cfbundle; includeInIndex = 0; path = CollectionViewExampleUITests.xctest; sourceTree = BUILT_PRODUCTS_DIR; };
		668EA40D215390F20050046C /* CollectionViewExampleUITests.swift */ = {isa = PBXFileReference; lastKnownFileType = sourcecode.swift; path = CollectionViewExampleUITests.swift; sourceTree = "<group>"; };
		668EA40F215390F20050046C /* Info.plist */ = {isa = PBXFileReference; lastKnownFileType = text.plist.xml; path = Info.plist; sourceTree = "<group>"; };
/* End PBXFileReference section */

/* Begin PBXFrameworksBuildPhase section */
		668EA3E7215390F00050046C /* Frameworks */ = {
			isa = PBXFrameworksBuildPhase;
			buildActionMask = 2147483647;
			files = (
			);
			runOnlyForDeploymentPostprocessing = 0;
		};
		668EA3FB215390F20050046C /* Frameworks */ = {
			isa = PBXFrameworksBuildPhase;
			buildActionMask = 2147483647;
			files = (
			);
			runOnlyForDeploymentPostprocessing = 0;
		};
		668EA406215390F20050046C /* Frameworks */ = {
			isa = PBXFrameworksBuildPhase;
			buildActionMask = 2147483647;
			files = (
			);
			runOnlyForDeploymentPostprocessing = 0;
		};
/* End PBXFrameworksBuildPhase section */

/* Begin PBXGroup section */
		668EA3E1215390F00050046C = {
			isa = PBXGroup;
			children = (
				668EA3EC215390F00050046C /* CollectionViewExample */,
				668EA401215390F20050046C /* CollectionViewExampleTests */,
				668EA40C215390F20050046C /* CollectionViewExampleUITests */,
				668EA3EB215390F00050046C /* Products */,
			);
			sourceTree = "<group>";
		};
		668EA3EB215390F00050046C /* Products */ = {
			isa = PBXGroup;
			children = (
				668EA3EA215390F00050046C /* CollectionViewExample.app */,
				668EA3FE215390F20050046C /* CollectionViewExampleTests.xctest */,
				668EA409215390F20050046C /* CollectionViewExampleUITests.xctest */,
			);
			name = Products;
			sourceTree = "<group>";
		};
		668EA3EC215390F00050046C /* CollectionViewExample */ = {
			isa = PBXGroup;
			children = (
				668EA3ED215390F00050046C /* AppDelegate.swift */,
				668EA3EF215390F00050046C /* ViewController.swift */,
				668EA3F1215390F00050046C /* Main.storyboard */,
				668EA3F4215390F20050046C /* Assets.xcassets */,
				668EA3F6215390F20050046C /* LaunchScreen.storyboard */,
				668EA3F9215390F20050046C /* Info.plist */,
			);
			path = CollectionViewExample;
			sourceTree = "<group>";
		};
		668EA401215390F20050046C /* CollectionViewExampleTests */ = {
			isa = PBXGroup;
			children = (
				668EA402215390F20050046C /* CollectionViewExampleTests.swift */,
				668EA404215390F20050046C /* Info.plist */,
			);
			path = CollectionViewExampleTests;
			sourceTree = "<group>";
		};
		668EA40C215390F20050046C /* CollectionViewExampleUITests */ = {
			isa = PBXGroup;
			children = (
				668EA40D215390F20050046C /* CollectionViewExampleUITests.swift */,
				668EA40F215390F20050046C /* Info.plist */,
			);
			path = CollectionViewExampleUITests;
			sourceTree = "<group>";
		};
/* End PBXGroup section */

/* Begin PBXNativeTarget section */
		668EA3E9215390F00050046C /* CollectionViewExample */ = {
			isa = PBXNativeTarget;
			buildConfigurationList = 668EA412215390F20050046C /* Build configuration list for PBXNativeTarget "CollectionViewExample" */;
			buildPhases = (
				668EA3E6215390F00050046C /* Sources */,
				668EA3E7215390F00050046C /* Frameworks */,
				668EA3E8215390F00050046C /* Resources */,
			);
			buildRules = (
			);
			dependencies = (
			);
			name = CollectionViewExample;
			productName = CollectionViewExample;
			productReference = 668EA3EA215390F00050046C /* CollectionViewExample.app */;
			productType = "com.apple.product-type.application";
		};
		668EA3FD215390F20050046C /* CollectionViewExampleTests */ = {
			isa = PBXNativeTarget;
			buildConfigurationList = 668EA415215390F20050046C /* Build configuration list for PBXNativeTarget "CollectionViewExampleTests" */;
			buildPhases = (
				668EA3FA215390F20050046C /* Sources */,
				668EA3FB215390F20050046C /* Frameworks */,
				668EA3FC215390F20050046C /* Resources */,
			);
			buildRules = (
			);
			dependencies = (
				668EA400215390F20050046C /* PBXTargetDependency */,
			);
			name = CollectionViewExampleTests;
			productName = CollectionViewExampleTests;
			productReference = 668EA3FE215390F20050046C /* CollectionViewExampleTests.xctest */;
			productType = "com.apple.product-type.bundle.unit-test";
		};
		668EA408215390F20050046C /* CollectionViewExampleUITests */ = {
			isa = PBXNativeTarget;
			buildConfigurationList = 668EA418215390F20050046C /* Build configuration list for PBXNativeTarget "CollectionViewExampleUITests" */;
			buildPhases = (
				668EA405215390F20050046C /* Sources */,
				668EA406215390F20050046C /* Frameworks */,
				668EA407215390F20050046C /* Resources */,
			);
			buildRules = (
			);
			dependencies = (
				668EA40B215390F20050046C /* PBXTargetDependency */,
			);
			name = CollectionViewExampleUITests;
			productName = CollectionViewExampleUITests;
			productReference = 668EA409215390F20050046C /* CollectionViewExampleUITests.xctest */;
			productType = "com.apple.product-type.bundle.ui-testing";
		};
/* End PBXNativeTarget section */

/* Begin PBXProject section */
		668EA3E2215390F00050046C /* Project object */ = {
			isa = PBXProject;
			attributes = {
				LastSwiftUpdateCheck = 0940;
				LastUpgradeCheck = 0940;
				ORGANIZATIONNAME = Soemsak;
				TargetAttributes = {
					668EA3E9215390F00050046C = {
						CreatedOnToolsVersion = 9.4.1;
					};
					668EA3FD215390F20050046C = {
						CreatedOnToolsVersion = 9.4.1;
						TestTargetID = 668EA3E9215390F00050046C;
					};
					668EA408215390F20050046C = {
						CreatedOnToolsVersion = 9.4.1;
						TestTargetID = 668EA3E9215390F00050046C;
					};
				};
			};
			buildConfigurationList = 668EA3E5215390F00050046C /* Build configuration list for PBXProject "CollectionViewExample" */;
			compatibilityVersion = "Xcode 9.3";
			developmentRegion = en;
			hasScannedForEncodings = 0;
			knownRegions = (
				en,
				Base,
			);
			mainGroup = 668EA3E1215390F00050046C;
			productRefGroup = 668EA3EB215390F00050046C /* Products */;
			projectDirPath = "";
			projectRoot = "";
			targets = (
				668EA3E9215390F00050046C /* CollectionViewExample */,
				668EA3FD215390F20050046C /* CollectionViewExampleTests */,
				668EA408215390F20050046C /* CollectionViewExampleUITests */,
			);
		};
/* End PBXProject section */

/* Begin PBXResourcesBuildPhase section */
		668EA3E8215390F00050046C /* Resources */ = {
			isa = PBXResourcesBuildPhase;
			buildActionMask = 2147483647;
			files = (
				668EA3F8215390F20050046C /* LaunchScreen.storyboard in Resources */,
				668EA3F5215390F20050046C /* Assets.xcassets in Resources */,
				668EA3F3215390F00050046C /* Main.storyboard in Resources */,
			);
			runOnlyForDeploymentPostprocessing = 0;
		};
		668EA3FC215390F20050046C /* Resources */ = {
			isa = PBXResourcesBuildPhase;
			buildActionMask = 2147483647;
			files = (
			);
			runOnlyForDeploymentPostprocessing = 0;
		};
		668EA407215390F20050046C /* Resources */ = {
			isa = PBXResourcesBuildPhase;
			buildActionMask = 2147483647;
			files = (
			);
			runOnlyForDeploymentPostprocessing = 0;
		};
/* End PBXResourcesBuildPhase section */

/* Begin PBXSourcesBuildPhase section */
		668EA3E6215390F00050046C /* Sources */ = {
			isa = PBXSourcesBuildPhase;
			buildActionMask = 2147483647;
			files = (
				668EA3F0215390F00050046C /* ViewController.swift in Sources */,
				668EA3EE215390F00050046C /* AppDelegate.swift in Sources */,
			);
			runOnlyForDeploymentPostprocessing = 0;
		};
		668EA3FA215390F20050046C /* Sources */ = {
			isa = PBXSourcesBuildPhase;
			buildActionMask = 2147483647;
			files = (
				668EA403215390F20050046C /* CollectionViewExampleTests.swift in Sources */,
			);
			runOnlyForDeploymentPostprocessing = 0;
		};
		668EA405215390F20050046C /* Sources */ = {
			isa = PBXSourcesBuildPhase;
			buildActionMask = 2147483647;
			files = (
				668EA40E215390F20050046C /* CollectionViewExampleUITests.swift in Sources */,
			);
			runOnlyForDeploymentPostprocessing = 0;
		};
/* End PBXSourcesBuildPhase section */

/* Begin PBXTargetDependency section */
		668EA400215390F20050046C /* PBXTargetDependency */ = {
			isa = PBXTargetDependency;
			target = 668EA3E9215390F00050046C /* CollectionViewExample */;
			targetProxy = 668EA3FF215390F20050046C /* PBXContainerItemProxy */;
		};
		668EA40B215390F20050046C /* PBXTargetDependency */ = {
			isa = PBXTargetDependency;
			target = 668EA3E9215390F00050046C /* CollectionViewExample */;
			targetProxy = 668EA40A215390F20050046C /* PBXContainerItemProxy */;
		};
/* End PBXTargetDependency section */

/* Begin PBXVariantGroup section */
		668EA3F1215390F00050046C /* Main.storyboard */ = {
			isa = PBXVariantGroup;
			children = (
				668EA3F2215390F00050046C /* Base */,
			);
			name = Main.storyboard;
			sourceTree = "<group>";
		};
		668EA3F6215390F20050046C /* LaunchScreen.storyboard */ = {
			isa = PBXVariantGroup;
			children = (
				668EA3F7215390F20050046C /* Base */,
			);
			name = LaunchScreen.storyboard;
			sourceTree = "<group>";
		};
/* End PBXVariantGroup section */

/* Begin XCBuildConfiguration section */
		668EA410215390F20050046C /* Debug */ = {
			isa = XCBuildConfiguration;
			buildSettings = {
				ALWAYS_SEARCH_USER_PATHS = NO;
				CLANG_ANALYZER_NONNULL = YES;
				CLANG_ANALYZER_NUMBER_OBJECT_CONVERSION = YES_AGGRESSIVE;
				CLANG_CXX_LANGUAGE_STANDARD = "gnu++14";
				CLANG_CXX_LIBRARY = "libc++";
				CLANG_ENABLE_MODULES = YES;
				CLANG_ENABLE_OBJC_ARC = YES;
				CLANG_ENABLE_OBJC_WEAK = YES;
				CLANG_WARN_BLOCK_CAPTURE_AUTORELEASING = YES;
				CLANG_WARN_BOOL_CONVERSION = YES;
				CLANG_WARN_COMMA = YES;
				CLANG_WARN_CONSTANT_CONVERSION = YES;
				CLANG_WARN_DEPRECATED_OBJC_IMPLEMENTATIONS = YES;
				CLANG_WARN_DIRECT_OBJC_ISA_USAGE = YES_ERROR;
				CLANG_WARN_DOCUMENTATION_COMMENTS = YES;
				CLANG_WARN_EMPTY_BODY = YES;
				CLANG_WARN_ENUM_CONVERSION = YES;
				CLANG_WARN_INFINITE_RECURSION = YES;
				CLANG_WARN_INT_CONVERSION = YES;
				CLANG_WARN_NON_LITERAL_NULL_CONVERSION = YES;
				CLANG_WARN_OBJC_IMPLICIT_RETAIN_SELF = YES;
				CLANG_WARN_OBJC_LITERAL_CONVERSION = YES;
				CLANG_WARN_OBJC_ROOT_CLASS = YES_ERROR;
				CLANG_WARN_RANGE_LOOP_ANALYSIS = YES;
				CLANG_WARN_STRICT_PROTOTYPES = YES;
				CLANG_WARN_SUSPICIOUS_MOVE = YES;
				CLANG_WARN_UNGUARDED_AVAILABILITY = YES_AGGRESSIVE;
				CLANG_WARN_UNREACHABLE_CODE = YES;
				CLANG_WARN__DUPLICATE_METHOD_MATCH = YES;
				CODE_SIGN_IDENTITY = "iPhone Developer";
				COPY_PHASE_STRIP = NO;
				DEBUG_INFORMATION_FORMAT = dwarf;
				ENABLE_STRICT_OBJC_MSGSEND = YES;
				ENABLE_TESTABILITY = YES;
				GCC_C_LANGUAGE_STANDARD = gnu11;
				GCC_DYNAMIC_NO_PIC = NO;
				GCC_NO_COMMON_BLOCKS = YES;
				GCC_OPTIMIZATION_LEVEL = 0;
				GCC_PREPROCESSOR_DEFINITIONS = (
					"DEBUG=1",
					"$(inherited)",
				);
				GCC_WARN_64_TO_32_BIT_CONVERSION = YES;
				GCC_WARN_ABOUT_RETURN_TYPE = YES_ERROR;
				GCC_WARN_UNDECLARED_SELECTOR = YES;
				GCC_WARN_UNINITIALIZED_AUTOS = YES_AGGRESSIVE;
				GCC_WARN_UNUSED_FUNCTION = YES;
				GCC_WARN_UNUSED_VARIABLE = YES;
				IPHONEOS_DEPLOYMENT_TARGET = 11.4;
				MTL_ENABLE_DEBUG_INFO = YES;
				ONLY_ACTIVE_ARCH = YES;
				SDKROOT = iphoneos;
				SWIFT_ACTIVE_COMPILATION_CONDITIONS = DEBUG;
				SWIFT_OPTIMIZATION_LEVEL = "-Onone";
			};
			name = Debug;
		};
		668EA411215390F20050046C /* Release */ = {
			isa = XCBuildConfiguration;
			buildSettings = {
				ALWAYS_SEARCH_USER_PATHS = NO;
				CLANG_ANALYZER_NONNULL = YES;
				CLANG_ANALYZER_NUMBER_OBJECT_CONVERSION = YES_AGGRESSIVE;
				CLANG_CXX_LANGUAGE_STANDARD = "gnu++14";
				CLANG_CXX_LIBRARY = "libc++";
				CLANG_ENABLE_MODULES = YES;
				CLANG_ENABLE_OBJC_ARC = YES;
				CLANG_ENABLE_OBJC_WEAK = YES;
				CLANG_WARN_BLOCK_CAPTURE_AUTORELEASING = YES;
				CLANG_WARN_BOOL_CONVERSION = YES;
				CLANG_WARN_COMMA = YES;
				CLANG_WARN_CONSTANT_CONVERSION = YES;
				CLANG_WARN_DEPRECATED_OBJC_IMPLEMENTATIONS = YES;
				CLANG_WARN_DIRECT_OBJC_ISA_USAGE = YES_ERROR;
				CLANG_WARN_DOCUMENTATION_COMMENTS = YES;
				CLANG_WARN_EMPTY_BODY = YES;
				CLANG_WARN_ENUM_CONVERSION = YES;
				CLANG_WARN_INFINITE_RECURSION = YES;
				CLANG_WARN_INT_CONVERSION = YES;
				CLANG_WARN_NON_LITERAL_NULL_CONVERSION = YES;
				CLANG_WARN_OBJC_IMPLICIT_RETAIN_SELF = YES;
				CLANG_WARN_OBJC_LITERAL_CONVERSION = YES;
				CLANG_WARN_OBJC_ROOT_CLASS = YES_ERROR;
				CLANG_WARN_RANGE_LOOP_ANALYSIS = YES;
				CLANG_WARN_STRICT_PROTOTYPES = YES;
				CLANG_WARN_SUSPICIOUS_MOVE = YES;
				CLANG_WARN_UNGUARDED_AVAILABILITY = YES_AGGRESSIVE;
				CLANG_WARN_UNREACHABLE_CODE = YES;
				CLANG_WARN__DUPLICATE_METHOD_MATCH = YES;
				CODE_SIGN_IDENTITY = "iPhone Developer";
				COPY_PHASE_STRIP = NO;
				DEBUG_INFORMATION_FORMAT = "dwarf-with-dsym";
				ENABLE_NS_ASSERTIONS = NO;
				ENABLE_STRICT_OBJC_MSGSEND = YES;
				GCC_C_LANGUAGE_STANDARD = gnu11;
				GCC_NO_COMMON_BLOCKS = YES;
				GCC_WARN_64_TO_32_BIT_CONVERSION = YES;
				GCC_WARN_ABOUT_RETURN_TYPE = YES_ERROR;
				GCC_WARN_UNDECLARED_SELECTOR = YES;
				GCC_WARN_UNINITIALIZED_AUTOS = YES_AGGRESSIVE;
				GCC_WARN_UNUSED_FUNCTION = YES;
				GCC_WARN_UNUSED_VARIABLE = YES;
				IPHONEOS_DEPLOYMENT_TARGET = 11.4;
				MTL_ENABLE_DEBUG_INFO = NO;
				SDKROOT = iphoneos;
				SWIFT_COMPILATION_MODE = wholemodule;
				SWIFT_OPTIMIZATION_LEVEL = "-O";
				VALIDATE_PRODUCT = YES;
			};
			name = Release;
		};
		668EA413215390F20050046C /* Debug */ = {
			isa = XCBuildConfiguration;
			buildSettings = {
				ASSETCATALOG_COMPILER_APPICON_NAME = AppIcon;
				CODE_SIGN_STYLE = Automatic;
				INFOPLIST_FILE = CollectionViewExample/Info.plist;
				LD_RUNPATH_SEARCH_PATHS = (
					"$(inherited)",
					"@executable_path/Frameworks",
				);
				PRODUCT_BUNDLE_IDENTIFIER = com.soemsak.CollectionViewExample;
				PRODUCT_NAME = "$(TARGET_NAME)";
				SWIFT_VERSION = 4.0;
				TARGETED_DEVICE_FAMILY = "1,2";
			};
			name = Debug;
		};
		668EA414215390F20050046C /* Release */ = {
			isa = XCBuildConfiguration;
			buildSettings = {
				ASSETCATALOG_COMPILER_APPICON_NAME = AppIcon;
				CODE_SIGN_STYLE = Automatic;
				INFOPLIST_FILE = CollectionViewExample/Info.plist;
				LD_RUNPATH_SEARCH_PATHS = (
					"$(inherited)",
					"@executable_path/Frameworks",
				);
				PRODUCT_BUNDLE_IDENTIFIER = com.soemsak.CollectionViewExample;
				PRODUCT_NAME = "$(TARGET_NAME)";
				SWIFT_VERSION = 4.0;
				TARGETED_DEVICE_FAMILY = "1,2";
			};
			name = Release;
		};
		668EA416215390F20050046C /* Debug */ = {
			isa = XCBuildConfiguration;
			buildSettings = {
				ALWAYS_EMBED_SWIFT_STANDARD_LIBRARIES = YES;
				BUNDLE_LOADER = "$(TEST_HOST)";
				CODE_SIGN_STYLE = Automatic;
				INFOPLIST_FILE = CollectionViewExampleTests/Info.plist;
				LD_RUNPATH_SEARCH_PATHS = (
					"$(inherited)",
					"@executable_path/Frameworks",
					"@loader_path/Frameworks",
				);
				PRODUCT_BUNDLE_IDENTIFIER = com.soemsak.CollectionViewExampleTests;
				PRODUCT_NAME = "$(TARGET_NAME)";
				SWIFT_VERSION = 4.0;
				TARGETED_DEVICE_FAMILY = "1,2";
				TEST_HOST = "$(BUILT_PRODUCTS_DIR)/CollectionViewExample.app/CollectionViewExample";
			};
			name = Debug;
		};
		668EA417215390F20050046C /* Release */ = {
			isa = XCBuildConfiguration;
			buildSettings = {
				ALWAYS_EMBED_SWIFT_STANDARD_LIBRARIES = YES;
				BUNDLE_LOADER = "$(TEST_HOST)";
				CODE_SIGN_STYLE = Automatic;
				INFOPLIST_FILE = CollectionViewExampleTests/Info.plist;
				LD_RUNPATH_SEARCH_PATHS = (
					"$(inherited)",
					"@executable_path/Frameworks",
					"@loader_path/Frameworks",
				);
				PRODUCT_BUNDLE_IDENTIFIER = com.soemsak.CollectionViewExampleTests;
				PRODUCT_NAME = "$(TARGET_NAME)";
				SWIFT_VERSION = 4.0;
				TARGETED_DEVICE_FAMILY = "1,2";
				TEST_HOST = "$(BUILT_PRODUCTS_DIR)/CollectionViewExample.app/CollectionViewExample";
			};
			name = Release;
		};
		668EA419215390F20050046C /* Debug */ = {
			isa = XCBuildConfiguration;
			buildSettings = {
				ALWAYS_EMBED_SWIFT_STANDARD_LIBRARIES = YES;
				CODE_SIGN_STYLE = Automatic;
				INFOPLIST_FILE = CollectionViewExampleUITests/Info.plist;
				LD_RUNPATH_SEARCH_PATHS = (
					"$(inherited)",
					"@executable_path/Frameworks",
					"@loader_path/Frameworks",
				);
				PRODUCT_BUNDLE_IDENTIFIER = com.soemsak.CollectionViewExampleUITests;
				PRODUCT_NAME = "$(TARGET_NAME)";
				SWIFT_VERSION = 4.0;
				TARGETED_DEVICE_FAMILY = "1,2";
				TEST_TARGET_NAME = CollectionViewExample;
			};
			name = Debug;
		};
		668EA41A215390F20050046C /* Release */ = {
			isa = XCBuildConfiguration;
			buildSettings = {
				ALWAYS_EMBED_SWIFT_STANDARD_LIBRARIES = YES;
				CODE_SIGN_STYLE = Automatic;
				INFOPLIST_FILE = CollectionViewExampleUITests/Info.plist;
				LD_RUNPATH_SEARCH_PATHS = (
					"$(inherited)",
					"@executable_path/Frameworks",
					"@loader_path/Frameworks",
				);
				PRODUCT_BUNDLE_IDENTIFIER = com.soemsak.CollectionViewExampleUITests;
				PRODUCT_NAME = "$(TARGET_NAME)";
				SWIFT_VERSION = 4.0;
				TARGETED_DEVICE_FAMILY = "1,2";
				TEST_TARGET_NAME = CollectionViewExample;
			};
			name = Release;
		};
/* End XCBuildConfiguration section */

/* Begin XCConfigurationList section */
		668EA3E5215390F00050046C /* Build configuration list for PBXProject "CollectionViewExample" */ = {
			isa = XCConfigurationList;
			buildConfigurations = (
				668EA410215390F20050046C /* Debug */,
				668EA411215390F20050046C /* Release */,
			);
			defaultConfigurationIsVisible = 0;
			defaultConfigurationName = Release;
		};
		668EA412215390F20050046C /* Build configuration list for PBXNativeTarget "CollectionViewExample" */ = {
			isa = XCConfigurationList;
			buildConfigurations = (
				668EA413215390F20050046C /* Debug */,
				668EA414215390F20050046C /* Release */,
			);
			defaultConfigurationIsVisible = 0;
			defaultConfigurationName = Release;
		};
		668EA415215390F20050046C /* Build configuration list for PBXNativeTarget "CollectionViewExampleTests" */ = {
			isa = XCConfigurationList;
			buildConfigurations = (
				668EA416215390F20050046C /* Debug */,
				668EA417215390F20050046C /* Release */,
			);
			defaultConfigurationIsVisible = 0;
			defaultConfigurationName = Release;
		};
		668EA418215390F20050046C /* Build configuration list for PBXNativeTarget "CollectionViewExampleUITests" */ = {
			isa = XCConfigurationList;
			buildConfigurations = (
				668EA419215390F20050046C /* Debug */,
				668EA41A215390F20050046C /* Release */,
			);
			defaultConfigurationIsVisible = 0;
			defaultConfigurationName = Release;
		};
/* End XCConfigurationList section */
	};
	rootObject = 668EA3E2215390F00050046C /* Project object */;
}
